
Microsoft Visual Studio Solution File, Format Version 12.00
# Visual Studio 15
VisualStudioVersion = 15.0.28307.329
MinimumVisualStudioVersion = 10.0.40219.1
Project("{FAE04EC0-301F-11D3-BF4B-00C04F79EFBC}") = "SecureRemote2", "SecureRemote2\SecureRemote2.csproj", "{D78CA217-6AB1-46B7-9C1B-5374B2F176EA}"
EndProject
Global
	GlobalSection(SolutionConfigurationPlatforms) = preSolution
		Debug|Any CPU = Debug|Any CPU
		Release|Any CPU = Release|Any CPU
	EndGlobalSection
	GlobalSection(ProjectConfigurationPlatforms) = postSolution
		{D78CA217-6AB1-46B7-9C1B-5374B2F176EA}.Debug|Any CPU.ActiveCfg = Debug|Any CPU
		{D78CA217-6AB1-46B7-9C1B-5374B2F176EA}.Debug|Any CPU.Build.0 = Debug|Any CPU
		{D78CA217-6AB1-46B7-9C1B-5374B2F176EA}.Release|Any CPU.ActiveCfg = Release|Any CPU
		{D78CA217-6AB1-46B7-9C1B-5374B2F176EA}.Release|Any CPU.Build.0 = Release|Any CPU
	EndGlobalSection
	GlobalSection(SolutionProperties) = preSolution
		HideSolutionNode = FALSE
	EndGlobalSection
	GlobalSection(ExtensibilityGlobals) = postSolution
		SolutionGuid = {1AE98A68-0C35-4B8A-B809-5517978705FB}
	EndGlobalSection
EndGlobal
